
Microsoft Visual Studio Solution File, Format Version 12.00
# Visual Studio Version 16
VisualStudioVersion = 16.0.31424.327
MinimumVisualStudioVersion = 10.0.40219.1
Project("{FAE04EC0-301F-11D3-BF4B-00C04F79EFBC}") = "SampleWeb", "SampleWeb\SampleWeb.csproj", "{133F005B-0A68-4A3B-A1CC-4821934DFB5A}"
EndProject
Project("{FAE04EC0-301F-11D3-BF4B-00C04F79EFBC}") = "SampleApi", "SampleApi\SampleApi.csproj", "{8975D891-6D1C-4147-8003-3DB5218EE51C}"
EndProject
Project("{FAE04EC0-301F-11D3-BF4B-00C04F79EFBC}") = "SampleWeb.Data", "SampleWeb.Data\SampleWeb.Data.csproj", "{6052DC9C-95E9-4BB7-A3EC-0FF325AF7461}"
EndProject
Project("{FAE04EC0-301F-11D3-BF4B-00C04F79EFBC}") = "SampleWeb.Tests", "SampleWeb.Tests\SampleWeb.Tests.csproj", "{D4FABACC-2167-4F8B-BBA6-3FD01C8BE79E}"
EndProject
Global
	GlobalSection(SolutionConfigurationPlatforms) = preSolution
		Debug|Any CPU = Debug|Any CPU
		Release|Any CPU = Release|Any CPU
	EndGlobalSection
	GlobalSection(ProjectConfigurationPlatforms) = postSolution
		{133F005B-0A68-4A3B-A1CC-4821934DFB5A}.Debug|Any CPU.ActiveCfg = Debug|Any CPU
		{133F005B-0A68-4A3B-A1CC-4821934DFB5A}.Debug|Any CPU.Build.0 = Debug|Any CPU
		{133F005B-0A68-4A3B-A1CC-4821934DFB5A}.Release|Any CPU.ActiveCfg = Release|Any CPU
		{133F005B-0A68-4A3B-A1CC-4821934DFB5A}.Release|Any CPU.Build.0 = Release|Any CPU
		{8975D891-6D1C-4147-8003-3DB5218EE51C}.Debug|Any CPU.ActiveCfg = Debug|Any CPU
		{8975D891-6D1C-4147-8003-3DB5218EE51C}.Debug|Any CPU.Build.0 = Debug|Any CPU
		{8975D891-6D1C-4147-8003-3DB5218EE51C}.Release|Any CPU.ActiveCfg = Release|Any CPU
		{8975D891-6D1C-4147-8003-3DB5218EE51C}.Release|Any CPU.Build.0 = Release|Any CPU
		{6052DC9C-95E9-4BB7-A3EC-0FF325AF7461}.Debug|Any CPU.ActiveCfg = Debug|Any CPU
		{6052DC9C-95E9-4BB7-A3EC-0FF325AF7461}.Debug|Any CPU.Build.0 = Debug|Any CPU
		{6052DC9C-95E9-4BB7-A3EC-0FF325AF7461}.Release|Any CPU.ActiveCfg = Release|Any CPU
		{6052DC9C-95E9-4BB7-A3EC-0FF325AF7461}.Release|Any CPU.Build.0 = Release|Any CPU
		{D4FABACC-2167-4F8B-BBA6-3FD01C8BE79E}.Debug|Any CPU.ActiveCfg = Debug|Any CPU
		{D4FABACC-2167-4F8B-BBA6-3FD01C8BE79E}.Debug|Any CPU.Build.0 = Debug|Any CPU
		{D4FABACC-2167-4F8B-BBA6-3FD01C8BE79E}.Release|Any CPU.ActiveCfg = Release|Any CPU
		{D4FABACC-2167-4F8B-BBA6-3FD01C8BE79E}.Release|Any CPU.Build.0 = Release|Any CPU
	EndGlobalSection
	GlobalSection(SolutionProperties) = preSolution
		HideSolutionNode = FALSE
	EndGlobalSection
	GlobalSection(ExtensibilityGlobals) = postSolution
		SolutionGuid = {065BF431-553E-48F3-986A-0032BFDB8E14}
	EndGlobalSection
EndGlobal
